
Microsoft Visual Studio Solution File, Format Version 12.00
# Visual Studio Version 16
VisualStudioVersion = 16.0.30128.74
MinimumVisualStudioVersion = 10.0.40219.1
Project("{FAE04EC0-301F-11D3-BF4B-00C04F79EFBC}") = "TweetBook", "TweetBook\TweetBook.csproj", "{11A71779-F46A-4312-B458-066F5FCAC03E}"
EndProject
Global
	GlobalSection(SolutionConfigurationPlatforms) = preSolution
		Debug|Any CPU = Debug|Any CPU
		Release|Any CPU = Release|Any CPU
	EndGlobalSection
	GlobalSection(ProjectConfigurationPlatforms) = postSolution
		{11A71779-F46A-4312-B458-066F5FCAC03E}.Debug|Any CPU.ActiveCfg = Debug|Any CPU
		{11A71779-F46A-4312-B458-066F5FCAC03E}.Debug|Any CPU.Build.0 = Debug|Any CPU
		{11A71779-F46A-4312-B458-066F5FCAC03E}.Release|Any CPU.ActiveCfg = Release|Any CPU
		{11A71779-F46A-4312-B458-066F5FCAC03E}.Release|Any CPU.Build.0 = Release|Any CPU
	EndGlobalSection
	GlobalSection(SolutionProperties) = preSolution
		HideSolutionNode = FALSE
	EndGlobalSection
	GlobalSection(ExtensibilityGlobals) = postSolution
		SolutionGuid = {6FEE5F10-80D9-49D7-A6EB-68C022C93573}
	EndGlobalSection
EndGlobal
